// !$*UTF8*$!
{
	archiveVersion = 1;
	classes = {
	};
	objectVersion = 46;
	objects = {

/* Begin PBXBuildFile section */
		190604731F73E5F5004813F7 /* AppDelegate.swift in Sources */ = {isa = PBXBuildFile; fileRef = 190604721F73E5F5004813F7 /* AppDelegate.swift */; };
		190604751F73E5F5004813F7 /* ViewController.swift in Sources */ = {isa = PBXBuildFile; fileRef = 190604741F73E5F5004813F7 /* ViewController.swift */; };
		190604781F73E5F5004813F7 /* Main.storyboard in Resources */ = {isa = PBXBuildFile; fileRef = 190604761F73E5F5004813F7 /* Main.storyboard */; };
		1906047A1F73E5F5004813F7 /* Assets.xcassets in Resources */ = {isa = PBXBuildFile; fileRef = 190604791F73E5F5004813F7 /* Assets.xcassets */; };
		1906047D1F73E5F5004813F7 /* LaunchScreen.storyboard in Resources */ = {isa = PBXBuildFile; fileRef = 1906047B1F73E5F5004813F7 /* LaunchScreen.storyboard */; };
/* End PBXBuildFile section */

/* Begin PBXFileReference section */
		1906046F1F73E5F5004813F7 /* MyDemoProject.app */ = {isa = PBXFileReference; explicitFileType = wrapper.application; includeInIndex = 0; path = MyDemoProject.app; sourceTree = BUILT_PRODUCTS_DIR; };
		190604721F73E5F5004813F7 /* AppDelegate.swift */ = {isa = PBXFileReference; lastKnownFileType = sourcecode.swift; path = AppDelegate.swift; sourceTree = "<group>"; };
		190604741F73E5F5004813F7 /* ViewController.swift */ = {isa = PBXFileReference; lastKnownFileType = sourcecode.swift; path = ViewController.swift; sourceTree = "<group>"; };
		190604771F73E5F5004813F7 /* Base */ = {isa = PBXFileReference; lastKnownFileType = file.storyboard; name = Base; path = Base.lproj/Main.storyboard; sourceTree = "<group>"; };
		190604791F73E5F5004813F7 /* Assets.xcassets */ = {isa = PBXFileReference; lastKnownFileType = folder.assetcatalog; path = Assets.xcassets; sourceTree = "<group>"; };
		1906047C1F73E5F5004813F7 /* Base */ = {isa = PBXFileReference; lastKnownFileType = file.storyboard; name = Base; path = Base.lproj/LaunchScreen.storyboard; sourceTree = "<group>"; };
		1906047E1F73E5F5004813F7 /* Info.plist */ = {isa = PBXFileReference; lastKnownFileType = text.plist.xml; path = Info.plist; sourceTree = "<group>"; };
/* End PBXFileReference section */

/* Begin PBXFrameworksBuildPhase section */
		1906046C1F73E5F5004813F7 /* Frameworks */ = {
			isa = PBXFrameworksBuildPhase;
			buildActionMask = 2147483647;
			files = (
			);
			runOnlyForDeploymentPostprocessing = 0;
		};
/* End PBXFrameworksBuildPhase section */

/* Begin PBXGroup section */
		190604661F73E5F5004813F7 = {
			isa = PBXGroup;
			children = (
				190604711F73E5F5004813F7 /* MyDemoProject */,
				190604701F73E5F5004813F7 /* Products */,
			);
			sourceTree = "<group>";
		};
		190604701F73E5F5004813F7 /* Products */ = {
			isa = PBXGroup;
			children = (
				1906046F1F73E5F5004813F7 /* MyDemoProject.app */,
			);
			name = Products;
			sourceTree = "<group>";
		};
		190604711F73E5F5004813F7 /* MyDemoProject */ = {
			isa = PBXGroup;
			children = (
				190604721F73E5F5004813F7 /* AppDelegate.swift */,
				190604741F73E5F5004813F7 /* ViewController.swift */,
				190604761F73E5F5004813F7 /* Main.storyboard */,
				190604791F73E5F5004813F7 /* Assets.xcassets */,
				1906047B1F73E5F5004813F7 /* LaunchScreen.storyboard */,
				1906047E1F73E5F5004813F7 /* Info.plist */,
			);
			path = MyDemoProject;
			sourceTree = "<group>";
		};
/* End PBXGroup section */

/* Begin PBXNativeTarget section */
		1906046E1F73E5F5004813F7 /* MyDemoProject */ = {
			isa = PBXNativeTarget;
			buildConfigurationList = 190604811F73E5F5004813F7 /* Build configuration list for PBXNativeTarget "MyDemoProject" */;
			buildPhases = (
				1906046B1F73E5F5004813F7 /* Sources */,
				1906046C1F73E5F5004813F7 /* Frameworks */,
				1906046D1F73E5F5004813F7 /* Resources */,
			);
			buildRules = (
			);
			dependencies = (
			);
			name = MyDemoProject;
			productName = MyDemoProject;
			productReference = 1906046F1F73E5F5004813F7 /* MyDemoProject.app */;
			productType = "com.apple.product-type.application";
		};
/* End PBXNativeTarget section */

/* Begin PBXProject section */
		190604671F73E5F5004813F7 /* Project object */ = {
			isa = PBXProject;
			attributes = {
				LastSwiftUpdateCheck = 0830;
				LastUpgradeCheck = 0830;
				ORGANIZATIONNAME = kasturi;
				TargetAttributes = {
					1906046E1F73E5F5004813F7 = {
						CreatedOnToolsVersion = 8.3.2;
						ProvisioningStyle = Automatic;
					};
				};
			};
			buildConfigurationList = 1906046A1F73E5F5004813F7 /* Build configuration list for PBXProject "MyDemoProject" */;
			compatibilityVersion = "Xcode 3.2";
			developmentRegion = English;
			hasScannedForEncodings = 0;
			knownRegions = (
				en,
				Base,
			);
			mainGroup = 190604661F73E5F5004813F7;
			productRefGroup = 190604701F73E5F5004813F7 /* Products */;
			projectDirPath = "";
			projectRoot = "";
			targets = (
				1906046E1F73E5F5004813F7 /* MyDemoProject */,
			);
		};
/* End PBXProject section */

/* Begin PBXResourcesBuildPhase section */
		1906046D1F73E5F5004813F7 /* Resources */ = {
			isa = PBXResourcesBuildPhase;
			buildActionMask = 2147483647;
			files = (
				1906047D1F73E5F5004813F7 /* LaunchScreen.storyboard in Resources */,
				1906047A1F73E5F5004813F7 /* Assets.xcassets in Resources */,
				190604781F73E5F5004813F7 /* Main.storyboard in Resources */,
			);
			runOnlyForDeploymentPostprocessing = 0;
		};
/* End PBXResourcesBuildPhase section */

/* Begin PBXSourcesBuildPhase section */
		1906046B1F73E5F5004813F7 /* Sources */ = {
			isa = PBXSourcesBuildPhase;
			buildActionMask = 2147483647;
			files = (
				190604751F73E5F5004813F7 /* ViewController.swift in Sources */,
				190604731F73E5F5004813F7 /* AppDelegate.swift in Sources */,
			);
			runOnlyForDeploymentPostprocessing = 0;
		};
/* End PBXSourcesBuildPhase section */

/* Begin PBXVariantGroup section */
		190604761F73E5F5004813F7 /* Main.storyboard */ = {
			isa = PBXVariantGroup;
			children = (
				190604771F73E5F5004813F7 /* Base */,
			);
			name = Main.storyboard;
			sourceTree = "<group>";
		};
		1906047B1F73E5F5004813F7 /* LaunchScreen.storyboard */ = {
			isa = PBXVariantGroup;
			children = (
				1906047C1F73E5F5004813F7 /* Base */,
			);
			name = LaunchScreen.storyboard;
			sourceTree = "<group>";
		};
/* End PBXVariantGroup section */

/* Begin XCBuildConfiguration section */
		1906047F1F73E5F5004813F7 /* Debug */ = {
			isa = XCBuildConfiguration;
			buildSettings = {
				ALWAYS_SEARCH_USER_PATHS = NO;
				CLANG_ANALYZER_NONNULL = YES;
				CLANG_ANALYZER_NUMBER_OBJECT_CONVERSION = YES_AGGRESSIVE;
				CLANG_CXX_LANGUAGE_STANDARD = "gnu++0x";
				CLANG_CXX_LIBRARY = "libc++";
				CLANG_ENABLE_MODULES = YES;
				CLANG_ENABLE_OBJC_ARC = YES;
				CLANG_WARN_BOOL_CONVERSION = YES;
				CLANG_WARN_CONSTANT_CONVERSION = YES;
				CLANG_WARN_DIRECT_OBJC_ISA_USAGE = YES_ERROR;
				CLANG_WARN_DOCUMENTATION_COMMENTS = YES;
				CLANG_WARN_EMPTY_BODY = YES;
				CLANG_WARN_ENUM_CONVERSION = YES;
				CLANG_WARN_INFINITE_RECURSION = YES;
				CLANG_WARN_INT_CONVERSION = YES;
				CLANG_WARN_OBJC_ROOT_CLASS = YES_ERROR;
				CLANG_WARN_SUSPICIOUS_MOVE = YES;
				CLANG_WARN_UNREACHABLE_CODE = YES;
				CLANG_WARN__DUPLICATE_METHOD_MATCH = YES;
				"CODE_SIGN_IDENTITY[sdk=iphoneos*]" = "iPhone Developer";
				COPY_PHASE_STRIP = NO;
				DEBUG_INFORMATION_FORMAT = dwarf;
				ENABLE_STRICT_OBJC_MSGSEND = YES;
				ENABLE_TESTABILITY = YES;
				GCC_C_LANGUAGE_STANDARD = gnu99;
				GCC_DYNAMIC_NO_PIC = NO;
				GCC_NO_COMMON_BLOCKS = YES;
				GCC_OPTIMIZATION_LEVEL = 0;
				GCC_PREPROCESSOR_DEFINITIONS = (
					"DEBUG=1",
					"$(inherited)",
				);
				GCC_WARN_64_TO_32_BIT_CONVERSION = YES;
				GCC_WARN_ABOUT_RETURN_TYPE = YES_ERROR;
				GCC_WARN_UNDECLARED_SELECTOR = YES;
				GCC_WARN_UNINITIALIZED_AUTOS = YES_AGGRESSIVE;
				GCC_WARN_UNUSED_FUNCTION = YES;
				GCC_WARN_UNUSED_VARIABLE = YES;
				IPHONEOS_DEPLOYMENT_TARGET = 10.3;
				MTL_ENABLE_DEBUG_INFO = YES;
				ONLY_ACTIVE_ARCH = YES;
				SDKROOT = iphoneos;
				SWIFT_ACTIVE_COMPILATION_CONDITIONS = DEBUG;
				SWIFT_OPTIMIZATION_LEVEL = "-Onone";
			};
			name = Debug;
		};
		190604801F73E5F5004813F7 /* Release */ = {
			isa = XCBuildConfiguration;
			buildSettings = {
				ALWAYS_SEARCH_USER_PATHS = NO;
				CLANG_ANALYZER_NONNULL = YES;
				CLANG_ANALYZER_NUMBER_OBJECT_CONVERSION = YES_AGGRESSIVE;
				CLANG_CXX_LANGUAGE_STANDARD = "gnu++0x";
				CLANG_CXX_LIBRARY = "libc++";
				CLANG_ENABLE_MODULES = YES;
				CLANG_ENABLE_OBJC_ARC = YES;
				CLANG_WARN_BOOL_CONVERSION = YES;
				CLANG_WARN_CONSTANT_CONVERSION = YES;
				CLANG_WARN_DIRECT_OBJC_ISA_USAGE = YES_ERROR;
				CLANG_WARN_DOCUMENTATION_COMMENTS = YES;
				CLANG_WARN_EMPTY_BODY = YES;
				CLANG_WARN_ENUM_CONVERSION = YES;
				CLANG_WARN_INFINITE_RECURSION = YES;
				CLANG_WARN_INT_CONVERSION = YES;
				CLANG_WARN_OBJC_ROOT_CLASS = YES_ERROR;
				CLANG_WARN_SUSPICIOUS_MOVE = YES;
				CLANG_WARN_UNREACHABLE_CODE = YES;
				CLANG_WARN__DUPLICATE_METHOD_MATCH = YES;
				"CODE_SIGN_IDENTITY[sdk=iphoneos*]" = "iPhone Developer";
				COPY_PHASE_STRIP = NO;
				DEBUG_INFORMATION_FORMAT = "dwarf-with-dsym";
				ENABLE_NS_ASSERTIONS = NO;
				ENABLE_STRICT_OBJC_MSGSEND = YES;
				GCC_C_LANGUAGE_STANDARD = gnu99;
				GCC_NO_COMMON_BLOCKS = YES;
				GCC_WARN_64_TO_32_BIT_CONVERSION = YES;
				GCC_WARN_ABOUT_RETURN_TYPE = YES_ERROR;
				GCC_WARN_UNDECLARED_SELECTOR = YES;
				GCC_WARN_UNINITIALIZED_AUTOS = YES_AGGRESSIVE;
				GCC_WARN_UNUSED_FUNCTION = YES;
				GCC_WARN_UNUSED_VARIABLE = YES;
				IPHONEOS_DEPLOYMENT_TARGET = 10.3;
				MTL_ENABLE_DEBUG_INFO = NO;
				SDKROOT = iphoneos;
				SWIFT_OPTIMIZATION_LEVEL = "-Owholemodule";
				VALIDATE_PRODUCT = YES;
			};
			name = Release;
		};
		190604821F73E5F5004813F7 /* Debug */ = {
			isa = XCBuildConfiguration;
			buildSettings = {
				ASSETCATALOG_COMPILER_APPICON_NAME = AppIcon;
				INFOPLIST_FILE = MyDemoProject/Info.plist;
				LD_RUNPATH_SEARCH_PATHS = "$(inherited) @executable_path/Frameworks";
				PRODUCT_BUNDLE_IDENTIFIER = com.kasturi.MyDemoProject;
				PRODUCT_NAME = "$(TARGET_NAME)";
				SWIFT_VERSION = 3.0;
			};
			name = Debug;
		};
		190604831F73E5F5004813F7 /* Release */ = {
			isa = XCBuildConfiguration;
			buildSettings = {
				ASSETCATALOG_COMPILER_APPICON_NAME = AppIcon;
				INFOPLIST_FILE = MyDemoProject/Info.plist;
				LD_RUNPATH_SEARCH_PATHS = "$(inherited) @executable_path/Frameworks";
				PRODUCT_BUNDLE_IDENTIFIER = com.kasturi.MyDemoProject;
				PRODUCT_NAME = "$(TARGET_NAME)";
				SWIFT_VERSION = 3.0;
			};
			name = Release;
		};
/* End XCBuildConfiguration section */

/* Begin XCConfigurationList section */
		1906046A1F73E5F5004813F7 /* Build configuration list for PBXProject "MyDemoProject" */ = {
			isa = XCConfigurationList;
			buildConfigurations = (
				1906047F1F73E5F5004813F7 /* Debug */,
				190604801F73E5F5004813F7 /* Release */,
			);
			defaultConfigurationIsVisible = 0;
			defaultConfigurationName = Release;
		};
		190604811F73E5F5004813F7 /* Build configuration list for PBXNativeTarget "MyDemoProject" */ = {
			isa = XCConfigurationList;
			buildConfigurations = (
				190604821F73E5F5004813F7 /* Debug */,
				190604831F73E5F5004813F7 /* Release */,
			);
			defaultConfigurationIsVisible = 0;
		};
/* End XCConfigurationList section */
	};
	rootObject = 190604671F73E5F5004813F7 /* Project object */;
}
